
Microsoft Visual Studio Solution File, Format Version 12.00
# Visual Studio Version 16
VisualStudioVersion = 16.0.29209.62
MinimumVisualStudioVersion = 10.0.40219.1
Project("{FAE04EC0-301F-11D3-BF4B-00C04F79EFBC}") = "BytesIQ.SignalR.SQLXEvents.WebForms.WebApp", "BytesIQ.SignalR.SQLXEvents.WebForms.WebApp\BytesIQ.SignalR.SQLXEvents.WebForms.WebApp.csproj", "{BB59EAF8-75FA-4799-9036-D2563C130656}"
EndProject
Global
	GlobalSection(SolutionConfigurationPlatforms) = preSolution
		Debug|Any CPU = Debug|Any CPU
		Release|Any CPU = Release|Any CPU
	EndGlobalSection
	GlobalSection(ProjectConfigurationPlatforms) = postSolution
		{BB59EAF8-75FA-4799-9036-D2563C130656}.Debug|Any CPU.ActiveCfg = Debug|Any CPU
		{BB59EAF8-75FA-4799-9036-D2563C130656}.Debug|Any CPU.Build.0 = Debug|Any CPU
		{BB59EAF8-75FA-4799-9036-D2563C130656}.Release|Any CPU.ActiveCfg = Release|Any CPU
		{BB59EAF8-75FA-4799-9036-D2563C130656}.Release|Any CPU.Build.0 = Release|Any CPU
	EndGlobalSection
	GlobalSection(SolutionProperties) = preSolution
		HideSolutionNode = FALSE
	EndGlobalSection
	GlobalSection(ExtensibilityGlobals) = postSolution
		SolutionGuid = {79CE4F70-3C0F-48E9-8C91-E1F9B2AB2EBF}
	EndGlobalSection
EndGlobal
